// !$*UTF8*$!
{
	archiveVersion = 1;
	classes = {
	};
	objectVersion = 46;
	objects = {

/* Begin PBXBuildFile section */
		C5143A671F13300D0032E0E8 /* dancer.gif in Resources */ = {isa = PBXBuildFile; fileRef = C5143A661F13300D0032E0E8 /* dancer.gif */; };
		C5143A6D1F1348E90032E0E8 /* FLAnimatedImageView+WebCache.m in Sources */ = {isa = PBXBuildFile; fileRef = C5143A6C1F1348E90032E0E8 /* FLAnimatedImageView+WebCache.m */; };
		C5143A741F134C0C0032E0E8 /* FLAnimatedImage.m in Sources */ = {isa = PBXBuildFile; fileRef = C5143A701F134C0C0032E0E8 /* FLAnimatedImage.m */; };
		C5143A751F134C0C0032E0E8 /* FLAnimatedImageView.m in Sources */ = {isa = PBXBuildFile; fileRef = C5143A721F134C0C0032E0E8 /* FLAnimatedImageView.m */; };
		C5143A781F1352130032E0E8 /* magic.gif in Resources */ = {isa = PBXBuildFile; fileRef = C5143A771F1352130032E0E8 /* magic.gif */; };
		C53F5E941F0F814700F1DD98 /* main.m in Sources */ = {isa = PBXBuildFile; fileRef = C53F5E931F0F814700F1DD98 /* main.m */; };
		C53F5E971F0F814700F1DD98 /* AppDelegate.m in Sources */ = {isa = PBXBuildFile; fileRef = C53F5E961F0F814700F1DD98 /* AppDelegate.m */; };
		C53F5E9A1F0F814700F1DD98 /* ViewController.m in Sources */ = {isa = PBXBuildFile; fileRef = C53F5E991F0F814700F1DD98 /* ViewController.m */; };
		C53F5E9D1F0F814700F1DD98 /* Main.storyboard in Resources */ = {isa = PBXBuildFile; fileRef = C53F5E9B1F0F814700F1DD98 /* Main.storyboard */; };
		C53F5E9F1F0F814700F1DD98 /* Assets.xcassets in Resources */ = {isa = PBXBuildFile; fileRef = C53F5E9E1F0F814700F1DD98 /* Assets.xcassets */; };
		C53F5EA21F0F814700F1DD98 /* LaunchScreen.storyboard in Resources */ = {isa = PBXBuildFile; fileRef = C53F5EA01F0F814700F1DD98 /* LaunchScreen.storyboard */; };
		C53F5EAD1F0F814700F1DD98 /* test_GifTests.m in Sources */ = {isa = PBXBuildFile; fileRef = C53F5EAC1F0F814700F1DD98 /* test_GifTests.m */; };
		C53F5EB81F0F814700F1DD98 /* test_GifUITests.m in Sources */ = {isa = PBXBuildFile; fileRef = C53F5EB71F0F814700F1DD98 /* test_GifUITests.m */; };
		C53F5F2F1F0F852500F1DD98 /* MKAnnotationView+WebCache.m in Sources */ = {isa = PBXBuildFile; fileRef = C53F5F081F0F852500F1DD98 /* MKAnnotationView+WebCache.m */; };
		C53F5F301F0F852500F1DD98 /* NSData+ImageContentType.m in Sources */ = {isa = PBXBuildFile; fileRef = C53F5F0A1F0F852500F1DD98 /* NSData+ImageContentType.m */; };
		C53F5F311F0F852500F1DD98 /* NSImage+WebCache.m in Sources */ = {isa = PBXBuildFile; fileRef = C53F5F0C1F0F852500F1DD98 /* NSImage+WebCache.m */; };
		C53F5F321F0F852500F1DD98 /* SDImageCache.m in Sources */ = {isa = PBXBuildFile; fileRef = C53F5F0E1F0F852500F1DD98 /* SDImageCache.m */; };
		C53F5F331F0F852500F1DD98 /* SDImageCacheConfig.m in Sources */ = {isa = PBXBuildFile; fileRef = C53F5F101F0F852500F1DD98 /* SDImageCacheConfig.m */; };
		C53F5F341F0F852500F1DD98 /* SDWebImageCompat.m in Sources */ = {isa = PBXBuildFile; fileRef = C53F5F121F0F852500F1DD98 /* SDWebImageCompat.m */; };
		C53F5F351F0F852500F1DD98 /* SDWebImageDecoder.m in Sources */ = {isa = PBXBuildFile; fileRef = C53F5F141F0F852500F1DD98 /* SDWebImageDecoder.m */; };
		C53F5F361F0F852500F1DD98 /* SDWebImageDownloader.m in Sources */ = {isa = PBXBuildFile; fileRef = C53F5F161F0F852500F1DD98 /* SDWebImageDownloader.m */; };
		C53F5F371F0F852500F1DD98 /* SDWebImageDownloaderOperation.m in Sources */ = {isa = PBXBuildFile; fileRef = C53F5F181F0F852500F1DD98 /* SDWebImageDownloaderOperation.m */; };
		C53F5F381F0F852500F1DD98 /* SDWebImageManager.m in Sources */ = {isa = PBXBuildFile; fileRef = C53F5F1A1F0F852500F1DD98 /* SDWebImageManager.m */; };
		C53F5F391F0F852500F1DD98 /* SDWebImagePrefetcher.m in Sources */ = {isa = PBXBuildFile; fileRef = C53F5F1D1F0F852500F1DD98 /* SDWebImagePrefetcher.m */; };
		C53F5F3A1F0F852500F1DD98 /* UIButton+WebCache.m in Sources */ = {isa = PBXBuildFile; fileRef = C53F5F1F1F0F852500F1DD98 /* UIButton+WebCache.m */; };
		C53F5F3B1F0F852500F1DD98 /* UIImage+GIF.m in Sources */ = {isa = PBXBuildFile; fileRef = C53F5F211F0F852500F1DD98 /* UIImage+GIF.m */; };
		C53F5F3C1F0F852500F1DD98 /* UIImage+MultiFormat.m in Sources */ = {isa = PBXBuildFile; fileRef = C53F5F231F0F852500F1DD98 /* UIImage+MultiFormat.m */; };
		C53F5F3D1F0F852500F1DD98 /* UIImage+WebP.m in Sources */ = {isa = PBXBuildFile; fileRef = C53F5F251F0F852500F1DD98 /* UIImage+WebP.m */; };
		C53F5F3E1F0F852500F1DD98 /* UIImageView+HighlightedWebCache.m in Sources */ = {isa = PBXBuildFile; fileRef = C53F5F271F0F852500F1DD98 /* UIImageView+HighlightedWebCache.m */; };
		C53F5F3F1F0F852500F1DD98 /* UIImageView+WebCache.m in Sources */ = {isa = PBXBuildFile; fileRef = C53F5F291F0F852500F1DD98 /* UIImageView+WebCache.m */; };
		C53F5F401F0F852500F1DD98 /* UIView+WebCache.m in Sources */ = {isa = PBXBuildFile; fileRef = C53F5F2B1F0F852500F1DD98 /* UIView+WebCache.m */; };
		C53F5F411F0F852500F1DD98 /* UIView+WebCacheOperation.m in Sources */ = {isa = PBXBuildFile; fileRef = C53F5F2D1F0F852500F1DD98 /* UIView+WebCacheOperation.m */; };
/* End PBXBuildFile section */

/* Begin PBXContainerItemProxy section */
		C53F5EA91F0F814700F1DD98 /* PBXContainerItemProxy */ = {
			isa = PBXContainerItemProxy;
			containerPortal = C53F5E871F0F814600F1DD98 /* Project object */;
			proxyType = 1;
			remoteGlobalIDString = C53F5E8E1F0F814600F1DD98;
			remoteInfo = test_Gif;
		};
		C53F5EB41F0F814700F1DD98 /* PBXContainerItemProxy */ = {
			isa = PBXContainerItemProxy;
			containerPortal = C53F5E871F0F814600F1DD98 /* Project object */;
			proxyType = 1;
			remoteGlobalIDString = C53F5E8E1F0F814600F1DD98;
			remoteInfo = test_Gif;
		};
/* End PBXContainerItemProxy section */

/* Begin PBXFileReference section */
		C5143A661F13300D0032E0E8 /* dancer.gif */ = {isa = PBXFileReference; lastKnownFileType = image.gif; path = dancer.gif; sourceTree = "<group>"; };
		C5143A6B1F1348E90032E0E8 /* FLAnimatedImageView+WebCache.h */ = {isa = PBXFileReference; fileEncoding = 4; lastKnownFileType = sourcecode.c.h; path = "FLAnimatedImageView+WebCache.h"; sourceTree = "<group>"; };
		C5143A6C1F1348E90032E0E8 /* FLAnimatedImageView+WebCache.m */ = {isa = PBXFileReference; fileEncoding = 4; lastKnownFileType = sourcecode.c.objc; path = "FLAnimatedImageView+WebCache.m"; sourceTree = "<group>"; };
		C5143A6F1F134C0C0032E0E8 /* FLAnimatedImage.h */ = {isa = PBXFileReference; fileEncoding = 4; lastKnownFileType = sourcecode.c.h; path = FLAnimatedImage.h; sourceTree = "<group>"; };
		C5143A701F134C0C0032E0E8 /* FLAnimatedImage.m */ = {isa = PBXFileReference; fileEncoding = 4; lastKnownFileType = sourcecode.c.objc; path = FLAnimatedImage.m; sourceTree = "<group>"; };
		C5143A711F134C0C0032E0E8 /* FLAnimatedImageView.h */ = {isa = PBXFileReference; fileEncoding = 4; lastKnownFileType = sourcecode.c.h; path = FLAnimatedImageView.h; sourceTree = "<group>"; };
		C5143A721F134C0C0032E0E8 /* FLAnimatedImageView.m */ = {isa = PBXFileReference; fileEncoding = 4; lastKnownFileType = sourcecode.c.objc; path = FLAnimatedImageView.m; sourceTree = "<group>"; };
		C5143A771F1352130032E0E8 /* magic.gif */ = {isa = PBXFileReference; lastKnownFileType = image.gif; path = magic.gif; sourceTree = "<group>"; };
		C53F5E8F1F0F814700F1DD98 /* test_Gif.app */ = {isa = PBXFileReference; explicitFileType = wrapper.application; includeInIndex = 0; path = test_Gif.app; sourceTree = BUILT_PRODUCTS_DIR; };
		C53F5E931F0F814700F1DD98 /* main.m */ = {isa = PBXFileReference; lastKnownFileType = sourcecode.c.objc; path = main.m; sourceTree = "<group>"; };
		C53F5E951F0F814700F1DD98 /* AppDelegate.h */ = {isa = PBXFileReference; lastKnownFileType = sourcecode.c.h; path = AppDelegate.h; sourceTree = "<group>"; };
		C53F5E961F0F814700F1DD98 /* AppDelegate.m */ = {isa = PBXFileReference; lastKnownFileType = sourcecode.c.objc; path = AppDelegate.m; sourceTree = "<group>"; };
		C53F5E981F0F814700F1DD98 /* ViewController.h */ = {isa = PBXFileReference; lastKnownFileType = sourcecode.c.h; path = ViewController.h; sourceTree = "<group>"; };
		C53F5E991F0F814700F1DD98 /* ViewController.m */ = {isa = PBXFileReference; lastKnownFileType = sourcecode.c.objc; path = ViewController.m; sourceTree = "<group>"; };
		C53F5E9C1F0F814700F1DD98 /* Base */ = {isa = PBXFileReference; lastKnownFileType = file.storyboard; name = Base; path = Base.lproj/Main.storyboard; sourceTree = "<group>"; };
		C53F5E9E1F0F814700F1DD98 /* Assets.xcassets */ = {isa = PBXFileReference; lastKnownFileType = folder.assetcatalog; path = Assets.xcassets; sourceTree = "<group>"; };
		C53F5EA11F0F814700F1DD98 /* Base */ = {isa = PBXFileReference; lastKnownFileType = file.storyboard; name = Base; path = Base.lproj/LaunchScreen.storyboard; sourceTree = "<group>"; };
		C53F5EA31F0F814700F1DD98 /* Info.plist */ = {isa = PBXFileReference; lastKnownFileType = text.plist.xml; path = Info.plist; sourceTree = "<group>"; };
		C53F5EA81F0F814700F1DD98 /* test_GifTests.xctest */ = {isa = PBXFileReference; explicitFileType = wrapper.cfbundle; includeInIndex = 0; path = test_GifTests.xctest; sourceTree = BUILT_PRODUCTS_DIR; };
		C53F5EAC1F0F814700F1DD98 /* test_GifTests.m */ = {isa = PBXFileReference; lastKnownFileType = sourcecode.c.objc; path = test_GifTests.m; sourceTree = "<group>"; };
		C53F5EAE1F0F814700F1DD98 /* Info.plist */ = {isa = PBXFileReference; lastKnownFileType = text.plist.xml; path = Info.plist; sourceTree = "<group>"; };
		C53F5EB31F0F814700F1DD98 /* test_GifUITests.xctest */ = {isa = PBXFileReference; explicitFileType = wrapper.cfbundle; includeInIndex = 0; path = test_GifUITests.xctest; sourceTree = BUILT_PRODUCTS_DIR; };
		C53F5EB71F0F814700F1DD98 /* test_GifUITests.m */ = {isa = PBXFileReference; lastKnownFileType = sourcecode.c.objc; path = test_GifUITests.m; sourceTree = "<group>"; };
		C53F5EB91F0F814700F1DD98 /* Info.plist */ = {isa = PBXFileReference; lastKnownFileType = text.plist.xml; path = Info.plist; sourceTree = "<group>"; };
		C53F5F071F0F852500F1DD98 /* MKAnnotationView+WebCache.h */ = {isa = PBXFileReference; fileEncoding = 4; lastKnownFileType = sourcecode.c.h; path = "MKAnnotationView+WebCache.h"; sourceTree = "<group>"; };
		C53F5F081F0F852500F1DD98 /* MKAnnotationView+WebCache.m */ = {isa = PBXFileReference; fileEncoding = 4; lastKnownFileType = sourcecode.c.objc; path = "MKAnnotationView+WebCache.m"; sourceTree = "<group>"; };
		C53F5F091F0F852500F1DD98 /* NSData+ImageContentType.h */ = {isa = PBXFileReference; fileEncoding = 4; lastKnownFileType = sourcecode.c.h; path = "NSData+ImageContentType.h"; sourceTree = "<group>"; };
		C53F5F0A1F0F852500F1DD98 /* NSData+ImageContentType.m */ = {isa = PBXFileReference; fileEncoding = 4; lastKnownFileType = sourcecode.c.objc; path = "NSData+ImageContentType.m"; sourceTree = "<group>"; };
		C53F5F0B1F0F852500F1DD98 /* NSImage+WebCache.h */ = {isa = PBXFileReference; fileEncoding = 4; lastKnownFileType = sourcecode.c.h; path = "NSImage+WebCache.h"; sourceTree = "<group>"; };
		C53F5F0C1F0F852500F1DD98 /* NSImage+WebCache.m */ = {isa = PBXFileReference; fileEncoding = 4; lastKnownFileType = sourcecode.c.objc; path = "NSImage+WebCache.m"; sourceTree = "<group>"; };
		C53F5F0D1F0F852500F1DD98 /* SDImageCache.h */ = {isa = PBXFileReference; fileEncoding = 4; lastKnownFileType = sourcecode.c.h; path = SDImageCache.h; sourceTree = "<group>"; };
		C53F5F0E1F0F852500F1DD98 /* SDImageCache.m */ = {isa = PBXFileReference; fileEncoding = 4; lastKnownFileType = sourcecode.c.objc; path = SDImageCache.m; sourceTree = "<group>"; };
		C53F5F0F1F0F852500F1DD98 /* SDImageCacheConfig.h */ = {isa = PBXFileReference; fileEncoding = 4; lastKnownFileType = sourcecode.c.h; path = SDImageCacheConfig.h; sourceTree = "<group>"; };
		C53F5F101F0F852500F1DD98 /* SDImageCacheConfig.m */ = {isa = PBXFileReference; fileEncoding = 4; lastKnownFileType = sourcecode.c.objc; path = SDImageCacheConfig.m; sourceTree = "<group>"; };
		C53F5F111F0F852500F1DD98 /* SDWebImageCompat.h */ = {isa = PBXFileReference; fileEncoding = 4; lastKnownFileType = sourcecode.c.h; path = SDWebImageCompat.h; sourceTree = "<group>"; };
		C53F5F121F0F852500F1DD98 /* SDWebImageCompat.m */ = {isa = PBXFileReference; fileEncoding = 4; lastKnownFileType = sourcecode.c.objc; path = SDWebImageCompat.m; sourceTree = "<group>"; };
		C53F5F131F0F852500F1DD98 /* SDWebImageDecoder.h */ = {isa = PBXFileReference; fileEncoding = 4; lastKnownFileType = sourcecode.c.h; path = SDWebImageDecoder.h; sourceTree = "<group>"; };
		C53F5F141F0F852500F1DD98 /* SDWebImageDecoder.m */ = {isa = PBXFileReference; fileEncoding = 4; lastKnownFileType = sourcecode.c.objc; path = SDWebImageDecoder.m; sourceTree = "<group>"; };
		C53F5F151F0F852500F1DD98 /* SDWebImageDownloader.h */ = {isa = PBXFileReference; fileEncoding = 4; lastKnownFileType = sourcecode.c.h; path = SDWebImageDownloader.h; sourceTree = "<group>"; };
		C53F5F161F0F852500F1DD98 /* SDWebImageDownloader.m */ = {isa = PBXFileReference; fileEncoding = 4; lastKnownFileType = sourcecode.c.objc; path = SDWebImageDownloader.m; sourceTree = "<group>"; };
		C53F5F171F0F852500F1DD98 /* SDWebImageDownloaderOperation.h */ = {isa = PBXFileReference; fileEncoding = 4; lastKnownFileType = sourcecode.c.h; path = SDWebImageDownloaderOperation.h; sourceTree = "<group>"; };
		C53F5F181F0F852500F1DD98 /* SDWebImageDownloaderOperation.m */ = {isa = PBXFileReference; fileEncoding = 4; lastKnownFileType = sourcecode.c.objc; path = SDWebImageDownloaderOperation.m; sourceTree = "<group>"; };
		C53F5F191F0F852500F1DD98 /* SDWebImageManager.h */ = {isa = PBXFileReference; fileEncoding = 4; lastKnownFileType = sourcecode.c.h; path = SDWebImageManager.h; sourceTree = "<group>"; };
		C53F5F1A1F0F852500F1DD98 /* SDWebImageManager.m */ = {isa = PBXFileReference; fileEncoding = 4; lastKnownFileType = sourcecode.c.objc; path = SDWebImageManager.m; sourceTree = "<group>"; };
		C53F5F1B1F0F852500F1DD98 /* SDWebImageOperation.h */ = {isa = PBXFileReference; fileEncoding = 4; lastKnownFileType = sourcecode.c.h; path = SDWebImageOperation.h; sourceTree = "<group>"; };
		C53F5F1C1F0F852500F1DD98 /* SDWebImagePrefetcher.h */ = {isa = PBXFileReference; fileEncoding = 4; lastKnownFileType = sourcecode.c.h; path = SDWebImagePrefetcher.h; sourceTree = "<group>"; };
		C53F5F1D1F0F852500F1DD98 /* SDWebImagePrefetcher.m */ = {isa = PBXFileReference; fileEncoding = 4; lastKnownFileType = sourcecode.c.objc; path = SDWebImagePrefetcher.m; sourceTree = "<group>"; };
		C53F5F1E1F0F852500F1DD98 /* UIButton+WebCache.h */ = {isa = PBXFileReference; fileEncoding = 4; lastKnownFileType = sourcecode.c.h; path = "UIButton+WebCache.h"; sourceTree = "<group>"; };
		C53F5F1F1F0F852500F1DD98 /* UIButton+WebCache.m */ = {isa = PBXFileReference; fileEncoding = 4; lastKnownFileType = sourcecode.c.objc; path = "UIButton+WebCache.m"; sourceTree = "<group>"; };
		C53F5F201F0F852500F1DD98 /* UIImage+GIF.h */ = {isa = PBXFileReference; fileEncoding = 4; lastKnownFileType = sourcecode.c.h; path = "UIImage+GIF.h"; sourceTree = "<group>"; };
		C53F5F211F0F852500F1DD98 /* UIImage+GIF.m */ = {isa = PBXFileReference; fileEncoding = 4; lastKnownFileType = sourcecode.c.objc; path = "UIImage+GIF.m"; sourceTree = "<group>"; };
		C53F5F221F0F852500F1DD98 /* UIImage+MultiFormat.h */ = {isa = PBXFileReference; fileEncoding = 4; lastKnownFileType = sourcecode.c.h; path = "UIImage+MultiFormat.h"; sourceTree = "<group>"; };
		C53F5F231F0F852500F1DD98 /* UIImage+MultiFormat.m */ = {isa = PBXFileReference; fileEncoding = 4; lastKnownFileType = sourcecode.c.objc; path = "UIImage+MultiFormat.m"; sourceTree = "<group>"; };
		C53F5F241F0F852500F1DD98 /* UIImage+WebP.h */ = {isa = PBXFileReference; fileEncoding = 4; lastKnownFileType = sourcecode.c.h; path = "UIImage+WebP.h"; sourceTree = "<group>"; };
		C53F5F251F0F852500F1DD98 /* UIImage+WebP.m */ = {isa = PBXFileReference; fileEncoding = 4; lastKnownFileType = sourcecode.c.objc; path = "UIImage+WebP.m"; sourceTree = "<group>"; };
		C53F5F261F0F852500F1DD98 /* UIImageView+HighlightedWebCache.h */ = {isa = PBXFileReference; fileEncoding = 4; lastKnownFileType = sourcecode.c.h; path = "UIImageView+HighlightedWebCache.h"; sourceTree = "<group>"; };
		C53F5F271F0F852500F1DD98 /* UIImageView+HighlightedWebCache.m */ = {isa = PBXFileReference; fileEncoding = 4; lastKnownFileType = sourcecode.c.objc; path = "UIImageView+HighlightedWebCache.m"; sourceTree = "<group>"; };
		C53F5F281F0F852500F1DD98 /* UIImageView+WebCache.h */ = {isa = PBXFileReference; fileEncoding = 4; lastKnownFileType = sourcecode.c.h; path = "UIImageView+WebCache.h"; sourceTree = "<group>"; };
		C53F5F291F0F852500F1DD98 /* UIImageView+WebCache.m */ = {isa = PBXFileReference; fileEncoding = 4; lastKnownFileType = sourcecode.c.objc; path = "UIImageView+WebCache.m"; sourceTree = "<group>"; };
		C53F5F2A1F0F852500F1DD98 /* UIView+WebCache.h */ = {isa = PBXFileReference; fileEncoding = 4; lastKnownFileType = sourcecode.c.h; path = "UIView+WebCache.h"; sourceTree = "<group>"; };
		C53F5F2B1F0F852500F1DD98 /* UIView+WebCache.m */ = {isa = PBXFileReference; fileEncoding = 4; lastKnownFileType = sourcecode.c.objc; path = "UIView+WebCache.m"; sourceTree = "<group>"; };
		C53F5F2C1F0F852500F1DD98 /* UIView+WebCacheOperation.h */ = {isa = PBXFileReference; fileEncoding = 4; lastKnownFileType = sourcecode.c.h; path = "UIView+WebCacheOperation.h"; sourceTree = "<group>"; };
		C53F5F2D1F0F852500F1DD98 /* UIView+WebCacheOperation.m */ = {isa = PBXFileReference; fileEncoding = 4; lastKnownFileType = sourcecode.c.objc; path = "UIView+WebCacheOperation.m"; sourceTree = "<group>"; };
/* End PBXFileReference section */

/* Begin PBXFrameworksBuildPhase section */
		C53F5E8C1F0F814600F1DD98 /* Frameworks */ = {
			isa = PBXFrameworksBuildPhase;
			buildActionMask = 2147483647;
			files = (
			);
			runOnlyForDeploymentPostprocessing = 0;
		};
		C53F5EA51F0F814700F1DD98 /* Frameworks */ = {
			isa = PBXFrameworksBuildPhase;
			buildActionMask = 2147483647;
			files = (
			);
			runOnlyForDeploymentPostprocessing = 0;
		};
		C53F5EB01F0F814700F1DD98 /* Frameworks */ = {
			isa = PBXFrameworksBuildPhase;
			buildActionMask = 2147483647;
			files = (
			);
			runOnlyForDeploymentPostprocessing = 0;
		};
/* End PBXFrameworksBuildPhase section */

/* Begin PBXGroup section */
		C5143A6A1F1348E90032E0E8 /* FLAnimatedImage */ = {
			isa = PBXGroup;
			children = (
				C5143A6B1F1348E90032E0E8 /* FLAnimatedImageView+WebCache.h */,
				C5143A6C1F1348E90032E0E8 /* FLAnimatedImageView+WebCache.m */,
				C5143A6F1F134C0C0032E0E8 /* FLAnimatedImage.h */,
				C5143A701F134C0C0032E0E8 /* FLAnimatedImage.m */,
				C5143A711F134C0C0032E0E8 /* FLAnimatedImageView.h */,
				C5143A721F134C0C0032E0E8 /* FLAnimatedImageView.m */,
			);
			path = FLAnimatedImage;
			sourceTree = "<group>";
		};
		C53F5E861F0F814600F1DD98 = {
			isa = PBXGroup;
			children = (
				C53F5E911F0F814700F1DD98 /* test_Gif */,
				C53F5EAB1F0F814700F1DD98 /* test_GifTests */,
				C53F5EB61F0F814700F1DD98 /* test_GifUITests */,
				C53F5E901F0F814700F1DD98 /* Products */,
			);
			sourceTree = "<group>";
		};
		C53F5E901F0F814700F1DD98 /* Products */ = {
			isa = PBXGroup;
			children = (
				C53F5E8F1F0F814700F1DD98 /* test_Gif.app */,
				C53F5EA81F0F814700F1DD98 /* test_GifTests.xctest */,
				C53F5EB31F0F814700F1DD98 /* test_GifUITests.xctest */,
			);
			name = Products;
			sourceTree = "<group>";
		};
		C53F5E911F0F814700F1DD98 /* test_Gif */ = {
			isa = PBXGroup;
			children = (
				C53F5F031F0F852500F1DD98 /* SDWebImage */,
				C53F5E951F0F814700F1DD98 /* AppDelegate.h */,
				C53F5E961F0F814700F1DD98 /* AppDelegate.m */,
				C53F5E981F0F814700F1DD98 /* ViewController.h */,
				C53F5E991F0F814700F1DD98 /* ViewController.m */,
				C53F5E9B1F0F814700F1DD98 /* Main.storyboard */,
				C53F5E9E1F0F814700F1DD98 /* Assets.xcassets */,
				C53F5EA01F0F814700F1DD98 /* LaunchScreen.storyboard */,
				C53F5EA31F0F814700F1DD98 /* Info.plist */,
				C5143A661F13300D0032E0E8 /* dancer.gif */,
				C5143A771F1352130032E0E8 /* magic.gif */,
				C53F5E921F0F814700F1DD98 /* Supporting Files */,
			);
			path = test_Gif;
			sourceTree = "<group>";
		};
		C53F5E921F0F814700F1DD98 /* Supporting Files */ = {
			isa = PBXGroup;
			children = (
				C53F5E931F0F814700F1DD98 /* main.m */,
			);
			name = "Supporting Files";
			sourceTree = "<group>";
		};
		C53F5EAB1F0F814700F1DD98 /* test_GifTests */ = {
			isa = PBXGroup;
			children = (
				C53F5EAC1F0F814700F1DD98 /* test_GifTests.m */,
				C53F5EAE1F0F814700F1DD98 /* Info.plist */,
			);
			path = test_GifTests;
			sourceTree = "<group>";
		};
		C53F5EB61F0F814700F1DD98 /* test_GifUITests */ = {
			isa = PBXGroup;
			children = (
				C53F5EB71F0F814700F1DD98 /* test_GifUITests.m */,
				C53F5EB91F0F814700F1DD98 /* Info.plist */,
			);
			path = test_GifUITests;
			sourceTree = "<group>";
		};
		C53F5F031F0F852500F1DD98 /* SDWebImage */ = {
			isa = PBXGroup;
			children = (
				C5143A6A1F1348E90032E0E8 /* FLAnimatedImage */,
				C53F5F071F0F852500F1DD98 /* MKAnnotationView+WebCache.h */,
				C53F5F081F0F852500F1DD98 /* MKAnnotationView+WebCache.m */,
				C53F5F091F0F852500F1DD98 /* NSData+ImageContentType.h */,
				C53F5F0A1F0F852500F1DD98 /* NSData+ImageContentType.m */,
				C53F5F0B1F0F852500F1DD98 /* NSImage+WebCache.h */,
				C53F5F0C1F0F852500F1DD98 /* NSImage+WebCache.m */,
				C53F5F0D1F0F852500F1DD98 /* SDImageCache.h */,
				C53F5F0E1F0F852500F1DD98 /* SDImageCache.m */,
				C53F5F0F1F0F852500F1DD98 /* SDImageCacheConfig.h */,
				C53F5F101F0F852500F1DD98 /* SDImageCacheConfig.m */,
				C53F5F111F0F852500F1DD98 /* SDWebImageCompat.h */,
				C53F5F121F0F852500F1DD98 /* SDWebImageCompat.m */,
				C53F5F131F0F852500F1DD98 /* SDWebImageDecoder.h */,
				C53F5F141F0F852500F1DD98 /* SDWebImageDecoder.m */,
				C53F5F151F0F852500F1DD98 /* SDWebImageDownloader.h */,
				C53F5F161F0F852500F1DD98 /* SDWebImageDownloader.m */,
				C53F5F171F0F852500F1DD98 /* SDWebImageDownloaderOperation.h */,
				C53F5F181F0F852500F1DD98 /* SDWebImageDownloaderOperation.m */,
				C53F5F191F0F852500F1DD98 /* SDWebImageManager.h */,
				C53F5F1A1F0F852500F1DD98 /* SDWebImageManager.m */,
				C53F5F1B1F0F852500F1DD98 /* SDWebImageOperation.h */,
				C53F5F1C1F0F852500F1DD98 /* SDWebImagePrefetcher.h */,
				C53F5F1D1F0F852500F1DD98 /* SDWebImagePrefetcher.m */,
				C53F5F1E1F0F852500F1DD98 /* UIButton+WebCache.h */,
				C53F5F1F1F0F852500F1DD98 /* UIButton+WebCache.m */,
				C53F5F201F0F852500F1DD98 /* UIImage+GIF.h */,
				C53F5F211F0F852500F1DD98 /* UIImage+GIF.m */,
				C53F5F221F0F852500F1DD98 /* UIImage+MultiFormat.h */,
				C53F5F231F0F852500F1DD98 /* UIImage+MultiFormat.m */,
				C53F5F241F0F852500F1DD98 /* UIImage+WebP.h */,
				C53F5F251F0F852500F1DD98 /* UIImage+WebP.m */,
				C53F5F261F0F852500F1DD98 /* UIImageView+HighlightedWebCache.h */,
				C53F5F271F0F852500F1DD98 /* UIImageView+HighlightedWebCache.m */,
				C53F5F281F0F852500F1DD98 /* UIImageView+WebCache.h */,
				C53F5F291F0F852500F1DD98 /* UIImageView+WebCache.m */,
				C53F5F2A1F0F852500F1DD98 /* UIView+WebCache.h */,
				C53F5F2B1F0F852500F1DD98 /* UIView+WebCache.m */,
				C53F5F2C1F0F852500F1DD98 /* UIView+WebCacheOperation.h */,
				C53F5F2D1F0F852500F1DD98 /* UIView+WebCacheOperation.m */,
			);
			path = SDWebImage;
			sourceTree = "<group>";
		};
/* End PBXGroup section */

/* Begin PBXNativeTarget section */
		C53F5E8E1F0F814600F1DD98 /* test_Gif */ = {
			isa = PBXNativeTarget;
			buildConfigurationList = C53F5EBC1F0F814700F1DD98 /* Build configuration list for PBXNativeTarget "test_Gif" */;
			buildPhases = (
				C53F5E8B1F0F814600F1DD98 /* Sources */,
				C53F5E8C1F0F814600F1DD98 /* Frameworks */,
				C53F5E8D1F0F814600F1DD98 /* Resources */,
			);
			buildRules = (
			);
			dependencies = (
			);
			name = test_Gif;
			productName = test_Gif;
			productReference = C53F5E8F1F0F814700F1DD98 /* test_Gif.app */;
			productType = "com.apple.product-type.application";
		};
		C53F5EA71F0F814700F1DD98 /* test_GifTests */ = {
			isa = PBXNativeTarget;
			buildConfigurationList = C53F5EBF1F0F814700F1DD98 /* Build configuration list for PBXNativeTarget "test_GifTests" */;
			buildPhases = (
				C53F5EA41F0F814700F1DD98 /* Sources */,
				C53F5EA51F0F814700F1DD98 /* Frameworks */,
				C53F5EA61F0F814700F1DD98 /* Resources */,
			);
			buildRules = (
			);
			dependencies = (
				C53F5EAA1F0F814700F1DD98 /* PBXTargetDependency */,
			);
			name = test_GifTests;
			productName = test_GifTests;
			productReference = C53F5EA81F0F814700F1DD98 /* test_GifTests.xctest */;
			productType = "com.apple.product-type.bundle.unit-test";
		};
		C53F5EB21F0F814700F1DD98 /* test_GifUITests */ = {
			isa = PBXNativeTarget;
			buildConfigurationList = C53F5EC21F0F814700F1DD98 /* Build configuration list for PBXNativeTarget "test_GifUITests" */;
			buildPhases = (
				C53F5EAF1F0F814700F1DD98 /* Sources */,
				C53F5EB01F0F814700F1DD98 /* Frameworks */,
				C53F5EB11F0F814700F1DD98 /* Resources */,
			);
			buildRules = (
			);
			dependencies = (
				C53F5EB51F0F814700F1DD98 /* PBXTargetDependency */,
			);
			name = test_GifUITests;
			productName = test_GifUITests;
			productReference = C53F5EB31F0F814700F1DD98 /* test_GifUITests.xctest */;
			productType = "com.apple.product-type.bundle.ui-testing";
		};
/* End PBXNativeTarget section */

/* Begin PBXProject section */
		C53F5E871F0F814600F1DD98 /* Project object */ = {
			isa = PBXProject;
			attributes = {
				LastUpgradeCheck = 0830;
				ORGANIZATIONNAME = rongxin;
				TargetAttributes = {
					C53F5E8E1F0F814600F1DD98 = {
						CreatedOnToolsVersion = 8.3.2;
						DevelopmentTeam = 94V47BYM7E;
						ProvisioningStyle = Automatic;
					};
					C53F5EA71F0F814700F1DD98 = {
						CreatedOnToolsVersion = 8.3.2;
						ProvisioningStyle = Automatic;
						TestTargetID = C53F5E8E1F0F814600F1DD98;
					};
					C53F5EB21F0F814700F1DD98 = {
						CreatedOnToolsVersion = 8.3.2;
						ProvisioningStyle = Automatic;
						TestTargetID = C53F5E8E1F0F814600F1DD98;
					};
				};
			};
			buildConfigurationList = C53F5E8A1F0F814600F1DD98 /* Build configuration list for PBXProject "test_Gif" */;
			compatibilityVersion = "Xcode 3.2";
			developmentRegion = English;
			hasScannedForEncodings = 0;
			knownRegions = (
				en,
				Base,
			);
			mainGroup = C53F5E861F0F814600F1DD98;
			productRefGroup = C53F5E901F0F814700F1DD98 /* Products */;
			projectDirPath = "";
			projectRoot = "";
			targets = (
				C53F5E8E1F0F814600F1DD98 /* test_Gif */,
				C53F5EA71F0F814700F1DD98 /* test_GifTests */,
				C53F5EB21F0F814700F1DD98 /* test_GifUITests */,
			);
		};
/* End PBXProject section */

/* Begin PBXResourcesBuildPhase section */
		C53F5E8D1F0F814600F1DD98 /* Resources */ = {
			isa = PBXResourcesBuildPhase;
			buildActionMask = 2147483647;
			files = (
				C5143A781F1352130032E0E8 /* magic.gif in Resources */,
				C53F5EA21F0F814700F1DD98 /* LaunchScreen.storyboard in Resources */,
				C53F5E9F1F0F814700F1DD98 /* Assets.xcassets in Resources */,
				C53F5E9D1F0F814700F1DD98 /* Main.storyboard in Resources */,
				C5143A671F13300D0032E0E8 /* dancer.gif in Resources */,
			);
			runOnlyForDeploymentPostprocessing = 0;
		};
		C53F5EA61F0F814700F1DD98 /* Resources */ = {
			isa = PBXResourcesBuildPhase;
			buildActionMask = 2147483647;
			files = (
			);
			runOnlyForDeploymentPostprocessing = 0;
		};
		C53F5EB11F0F814700F1DD98 /* Resources */ = {
			isa = PBXResourcesBuildPhase;
			buildActionMask = 2147483647;
			files = (
			);
			runOnlyForDeploymentPostprocessing = 0;
		};
/* End PBXResourcesBuildPhase section */

/* Begin PBXSourcesBuildPhase section */
		C53F5E8B1F0F814600F1DD98 /* Sources */ = {
			isa = PBXSourcesBuildPhase;
			buildActionMask = 2147483647;
			files = (
				C53F5F401F0F852500F1DD98 /* UIView+WebCache.m in Sources */,
				C53F5E9A1F0F814700F1DD98 /* ViewController.m in Sources */,
				C53F5F381F0F852500F1DD98 /* SDWebImageManager.m in Sources */,
				C53F5F331F0F852500F1DD98 /* SDImageCacheConfig.m in Sources */,
				C53F5F371F0F852500F1DD98 /* SDWebImageDownloaderOperation.m in Sources */,
				C53F5F311F0F852500F1DD98 /* NSImage+WebCache.m in Sources */,
				C53F5F3A1F0F852500F1DD98 /* UIButton+WebCache.m in Sources */,
				C5143A751F134C0C0032E0E8 /* FLAnimatedImageView.m in Sources */,
				C53F5F411F0F852500F1DD98 /* UIView+WebCacheOperation.m in Sources */,
				C53F5F391F0F852500F1DD98 /* SDWebImagePrefetcher.m in Sources */,
				C53F5F361F0F852500F1DD98 /* SDWebImageDownloader.m in Sources */,
				C53F5E971F0F814700F1DD98 /* AppDelegate.m in Sources */,
				C53F5F3D1F0F852500F1DD98 /* UIImage+WebP.m in Sources */,
				C53F5F3F1F0F852500F1DD98 /* UIImageView+WebCache.m in Sources */,
				C53F5F351F0F852500F1DD98 /* SDWebImageDecoder.m in Sources */,
				C53F5F2F1F0F852500F1DD98 /* MKAnnotationView+WebCache.m in Sources */,
				C53F5F301F0F852500F1DD98 /* NSData+ImageContentType.m in Sources */,
				C53F5F341F0F852500F1DD98 /* SDWebImageCompat.m in Sources */,
				C53F5E941F0F814700F1DD98 /* main.m in Sources */,
				C53F5F321F0F852500F1DD98 /* SDImageCache.m in Sources */,
				C53F5F3C1F0F852500F1DD98 /* UIImage+MultiFormat.m in Sources */,
				C5143A741F134C0C0032E0E8 /* FLAnimatedImage.m in Sources */,
				C53F5F3E1F0F852500F1DD98 /* UIImageView+HighlightedWebCache.m in Sources */,
				C5143A6D1F1348E90032E0E8 /* FLAnimatedImageView+WebCache.m in Sources */,
				C53F5F3B1F0F852500F1DD98 /* UIImage+GIF.m in Sources */,
			);
			runOnlyForDeploymentPostprocessing = 0;
		};
		C53F5EA41F0F814700F1DD98 /* Sources */ = {
			isa = PBXSourcesBuildPhase;
			buildActionMask = 2147483647;
			files = (
				C53F5EAD1F0F814700F1DD98 /* test_GifTests.m in Sources */,
			);
			runOnlyForDeploymentPostprocessing = 0;
		};
		C53F5EAF1F0F814700F1DD98 /* Sources */ = {
			isa = PBXSourcesBuildPhase;
			buildActionMask = 2147483647;
			files = (
				C53F5EB81F0F814700F1DD98 /* test_GifUITests.m in Sources */,
			);
			runOnlyForDeploymentPostprocessing = 0;
		};
/* End PBXSourcesBuildPhase section */

/* Begin PBXTargetDependency section */
		C53F5EAA1F0F814700F1DD98 /* PBXTargetDependency */ = {
			isa = PBXTargetDependency;
			target = C53F5E8E1F0F814600F1DD98 /* test_Gif */;
			targetProxy = C53F5EA91F0F814700F1DD98 /* PBXContainerItemProxy */;
		};
		C53F5EB51F0F814700F1DD98 /* PBXTargetDependency */ = {
			isa = PBXTargetDependency;
			target = C53F5E8E1F0F814600F1DD98 /* test_Gif */;
			targetProxy = C53F5EB41F0F814700F1DD98 /* PBXContainerItemProxy */;
		};
/* End PBXTargetDependency section */

/* Begin PBXVariantGroup section */
		C53F5E9B1F0F814700F1DD98 /* Main.storyboard */ = {
			isa = PBXVariantGroup;
			children = (
				C53F5E9C1F0F814700F1DD98 /* Base */,
			);
			name = Main.storyboard;
			sourceTree = "<group>";
		};
		C53F5EA01F0F814700F1DD98 /* LaunchScreen.storyboard */ = {
			isa = PBXVariantGroup;
			children = (
				C53F5EA11F0F814700F1DD98 /* Base */,
			);
			name = LaunchScreen.storyboard;
			sourceTree = "<group>";
		};
/* End PBXVariantGroup section */

/* Begin XCBuildConfiguration section */
		C53F5EBA1F0F814700F1DD98 /* Debug */ = {
			isa = XCBuildConfiguration;
			buildSettings = {
				ALWAYS_SEARCH_USER_PATHS = NO;
				CLANG_ANALYZER_NONNULL = YES;
				CLANG_ANALYZER_NUMBER_OBJECT_CONVERSION = YES_AGGRESSIVE;
				CLANG_CXX_LANGUAGE_STANDARD = "gnu++0x";
				CLANG_CXX_LIBRARY = "libc++";
				CLANG_ENABLE_MODULES = YES;
				CLANG_ENABLE_OBJC_ARC = YES;
				CLANG_WARN_BOOL_CONVERSION = YES;
				CLANG_WARN_CONSTANT_CONVERSION = YES;
				CLANG_WARN_DIRECT_OBJC_ISA_USAGE = YES_ERROR;
				CLANG_WARN_DOCUMENTATION_COMMENTS = YES;
				CLANG_WARN_EMPTY_BODY = YES;
				CLANG_WARN_ENUM_CONVERSION = YES;
				CLANG_WARN_INFINITE_RECURSION = YES;
				CLANG_WARN_INT_CONVERSION = YES;
				CLANG_WARN_OBJC_ROOT_CLASS = YES_ERROR;
				CLANG_WARN_SUSPICIOUS_MOVE = YES;
				CLANG_WARN_UNREACHABLE_CODE = YES;
				CLANG_WARN__DUPLICATE_METHOD_MATCH = YES;
				"CODE_SIGN_IDENTITY[sdk=iphoneos*]" = "iPhone Developer";
				COPY_PHASE_STRIP = NO;
				DEBUG_INFORMATION_FORMAT = dwarf;
				ENABLE_STRICT_OBJC_MSGSEND = YES;
				ENABLE_TESTABILITY = YES;
				GCC_C_LANGUAGE_STANDARD = gnu99;
				GCC_DYNAMIC_NO_PIC = NO;
				GCC_NO_COMMON_BLOCKS = YES;
				GCC_OPTIMIZATION_LEVEL = 0;
				GCC_PREPROCESSOR_DEFINITIONS = (
					"DEBUG=1",
					"$(inherited)",
				);
				GCC_WARN_64_TO_32_BIT_CONVERSION = YES;
				GCC_WARN_ABOUT_RETURN_TYPE = YES_ERROR;
				GCC_WARN_UNDECLARED_SELECTOR = YES;
				GCC_WARN_UNINITIALIZED_AUTOS = YES_AGGRESSIVE;
				GCC_WARN_UNUSED_FUNCTION = YES;
				GCC_WARN_UNUSED_VARIABLE = YES;
				IPHONEOS_DEPLOYMENT_TARGET = 10.3;
				MTL_ENABLE_DEBUG_INFO = YES;
				ONLY_ACTIVE_ARCH = YES;
				SDKROOT = iphoneos;
				TARGETED_DEVICE_FAMILY = "1,2";
			};
			name = Debug;
		};
		C53F5EBB1F0F814700F1DD98 /* Release */ = {
			isa = XCBuildConfiguration;
			buildSettings = {
				ALWAYS_SEARCH_USER_PATHS = NO;
				CLANG_ANALYZER_NONNULL = YES;
				CLANG_ANALYZER_NUMBER_OBJECT_CONVERSION = YES_AGGRESSIVE;
				CLANG_CXX_LANGUAGE_STANDARD = "gnu++0x";
				CLANG_CXX_LIBRARY = "libc++";
				CLANG_ENABLE_MODULES = YES;
				CLANG_ENABLE_OBJC_ARC = YES;
				CLANG_WARN_BOOL_CONVERSION = YES;
				CLANG_WARN_CONSTANT_CONVERSION = YES;
				CLANG_WARN_DIRECT_OBJC_ISA_USAGE = YES_ERROR;
				CLANG_WARN_DOCUMENTATION_COMMENTS = YES;
				CLANG_WARN_EMPTY_BODY = YES;
				CLANG_WARN_ENUM_CONVERSION = YES;
				CLANG_WARN_INFINITE_RECURSION = YES;
				CLANG_WARN_INT_CONVERSION = YES;
				CLANG_WARN_OBJC_ROOT_CLASS = YES_ERROR;
				CLANG_WARN_SUSPICIOUS_MOVE = YES;
				CLANG_WARN_UNREACHABLE_CODE = YES;
				CLANG_WARN__DUPLICATE_METHOD_MATCH = YES;
				"CODE_SIGN_IDENTITY[sdk=iphoneos*]" = "iPhone Developer";
				COPY_PHASE_STRIP = NO;
				DEBUG_INFORMATION_FORMAT = "dwarf-with-dsym";
				ENABLE_NS_ASSERTIONS = NO;
				ENABLE_STRICT_OBJC_MSGSEND = YES;
				GCC_C_LANGUAGE_STANDARD = gnu99;
				GCC_NO_COMMON_BLOCKS = YES;
				GCC_WARN_64_TO_32_BIT_CONVERSION = YES;
				GCC_WARN_ABOUT_RETURN_TYPE = YES_ERROR;
				GCC_WARN_UNDECLARED_SELECTOR = YES;
				GCC_WARN_UNINITIALIZED_AUTOS = YES_AGGRESSIVE;
				GCC_WARN_UNUSED_FUNCTION = YES;
				GCC_WARN_UNUSED_VARIABLE = YES;
				IPHONEOS_DEPLOYMENT_TARGET = 10.3;
				MTL_ENABLE_DEBUG_INFO = NO;
				SDKROOT = iphoneos;
				TARGETED_DEVICE_FAMILY = "1,2";
				VALIDATE_PRODUCT = YES;
			};
			name = Release;
		};
		C53F5EBD1F0F814700F1DD98 /* Debug */ = {
			isa = XCBuildConfiguration;
			buildSettings = {
				ASSETCATALOG_COMPILER_APPICON_NAME = AppIcon;
				DEVELOPMENT_TEAM = 94V47BYM7E;
				INFOPLIST_FILE = test_Gif/Info.plist;
				IPHONEOS_DEPLOYMENT_TARGET = 9.0;
				LD_RUNPATH_SEARCH_PATHS = "$(inherited) @executable_path/Frameworks";
				PRODUCT_BUNDLE_IDENTIFIER = "com.rongxin.test-Gif";
				PRODUCT_NAME = "$(TARGET_NAME)";
			};
			name = Debug;
		};
		C53F5EBE1F0F814700F1DD98 /* Release */ = {
			isa = XCBuildConfiguration;
			buildSettings = {
				ASSETCATALOG_COMPILER_APPICON_NAME = AppIcon;
				DEVELOPMENT_TEAM = 94V47BYM7E;
				INFOPLIST_FILE = test_Gif/Info.plist;
				IPHONEOS_DEPLOYMENT_TARGET = 9.0;
				LD_RUNPATH_SEARCH_PATHS = "$(inherited) @executable_path/Frameworks";
				PRODUCT_BUNDLE_IDENTIFIER = "com.rongxin.test-Gif";
				PRODUCT_NAME = "$(TARGET_NAME)";
			};
			name = Release;
		};
		C53F5EC01F0F814700F1DD98 /* Debug */ = {
			isa = XCBuildConfiguration;
			buildSettings = {
				BUNDLE_LOADER = "$(TEST_HOST)";
				INFOPLIST_FILE = test_GifTests/Info.plist;
				LD_RUNPATH_SEARCH_PATHS = "$(inherited) @executable_path/Frameworks @loader_path/Frameworks";
				PRODUCT_BUNDLE_IDENTIFIER = "com.rongxin.test-GifTests";
				PRODUCT_NAME = "$(TARGET_NAME)";
				TEST_HOST = "$(BUILT_PRODUCTS_DIR)/test_Gif.app/test_Gif";
			};
			name = Debug;
		};
		C53F5EC11F0F814700F1DD98 /* Release */ = {
			isa = XCBuildConfiguration;
			buildSettings = {
				BUNDLE_LOADER = "$(TEST_HOST)";
				INFOPLIST_FILE = test_GifTests/Info.plist;
				LD_RUNPATH_SEARCH_PATHS = "$(inherited) @executable_path/Frameworks @loader_path/Frameworks";
				PRODUCT_BUNDLE_IDENTIFIER = "com.rongxin.test-GifTests";
				PRODUCT_NAME = "$(TARGET_NAME)";
				TEST_HOST = "$(BUILT_PRODUCTS_DIR)/test_Gif.app/test_Gif";
			};
			name = Release;
		};
		C53F5EC31F0F814700F1DD98 /* Debug */ = {
			isa = XCBuildConfiguration;
			buildSettings = {
				INFOPLIST_FILE = test_GifUITests/Info.plist;
				LD_RUNPATH_SEARCH_PATHS = "$(inherited) @executable_path/Frameworks @loader_path/Frameworks";
				PRODUCT_BUNDLE_IDENTIFIER = "com.rongxin.test-GifUITests";
				PRODUCT_NAME = "$(TARGET_NAME)";
				TEST_TARGET_NAME = test_Gif;
			};
			name = Debug;
		};
		C53F5EC41F0F814700F1DD98 /* Release */ = {
			isa = XCBuildConfiguration;
			buildSettings = {
				INFOPLIST_FILE = test_GifUITests/Info.plist;
				LD_RUNPATH_SEARCH_PATHS = "$(inherited) @executable_path/Frameworks @loader_path/Frameworks";
				PRODUCT_BUNDLE_IDENTIFIER = "com.rongxin.test-GifUITests";
				PRODUCT_NAME = "$(TARGET_NAME)";
				TEST_TARGET_NAME = test_Gif;
			};
			name = Release;
		};
/* End XCBuildConfiguration section */

/* Begin XCConfigurationList section */
		C53F5E8A1F0F814600F1DD98 /* Build configuration list for PBXProject "test_Gif" */ = {
			isa = XCConfigurationList;
			buildConfigurations = (
				C53F5EBA1F0F814700F1DD98 /* Debug */,
				C53F5EBB1F0F814700F1DD98 /* Release */,
			);
			defaultConfigurationIsVisible = 0;
			defaultConfigurationName = Release;
		};
		C53F5EBC1F0F814700F1DD98 /* Build configuration list for PBXNativeTarget "test_Gif" */ = {
			isa = XCConfigurationList;
			buildConfigurations = (
				C53F5EBD1F0F814700F1DD98 /* Debug */,
				C53F5EBE1F0F814700F1DD98 /* Release */,
			);
			defaultConfigurationIsVisible = 0;
			defaultConfigurationName = Release;
		};
		C53F5EBF1F0F814700F1DD98 /* Build configuration list for PBXNativeTarget "test_GifTests" */ = {
			isa = XCConfigurationList;
			buildConfigurations = (
				C53F5EC01F0F814700F1DD98 /* Debug */,
				C53F5EC11F0F814700F1DD98 /* Release */,
			);
			defaultConfigurationIsVisible = 0;
			defaultConfigurationName = Release;
		};
		C53F5EC21F0F814700F1DD98 /* Build configuration list for PBXNativeTarget "test_GifUITests" */ = {
			isa = XCConfigurationList;
			buildConfigurations = (
				C53F5EC31F0F814700F1DD98 /* Debug */,
				C53F5EC41F0F814700F1DD98 /* Release */,
			);
			defaultConfigurationIsVisible = 0;
			defaultConfigurationName = Release;
		};
/* End XCConfigurationList section */
	};
	rootObject = C53F5E871F0F814600F1DD98 /* Project object */;
}
